
Microsoft Visual Studio Solution File, Format Version 12.00
# Visual Studio Version 17
VisualStudioVersion = 17.7.34031.279
MinimumVisualStudioVersion = 10.0.40219.1
Project("{FAE04EC0-301F-11D3-BF4B-00C04F79EFBC}") = "16. While loop", "16. While loop.csproj", "{74F1C875-2251-4FE6-96AA-78C27A748B8D}"
EndProject
Global
	GlobalSection(SolutionConfigurationPlatforms) = preSolution
		Debug|Any CPU = Debug|Any CPU
		Release|Any CPU = Release|Any CPU
	EndGlobalSection
	GlobalSection(ProjectConfigurationPlatforms) = postSolution
		{74F1C875-2251-4FE6-96AA-78C27A748B8D}.Debug|Any CPU.ActiveCfg = Debug|Any CPU
		{74F1C875-2251-4FE6-96AA-78C27A748B8D}.Debug|Any CPU.Build.0 = Debug|Any CPU
		{74F1C875-2251-4FE6-96AA-78C27A748B8D}.Release|Any CPU.ActiveCfg = Release|Any CPU
		{74F1C875-2251-4FE6-96AA-78C27A748B8D}.Release|Any CPU.Build.0 = Release|Any CPU
	EndGlobalSection
	GlobalSection(SolutionProperties) = preSolution
		HideSolutionNode = FALSE
	EndGlobalSection
	GlobalSection(ExtensibilityGlobals) = postSolution
		SolutionGuid = {BF7EE655-B7D8-442D-9627-2849E4C4C77C}
	EndGlobalSection
EndGlobal
